// !$*UTF8*$!
{
	archiveVersion = 1;
	classes = {
	};
	objectVersion = 56;
	objects = {

/* Begin PBXBuildFile section */
		9110AB6E28D251EA007A9B63 /* AppDelegate.swift in Sources */ = {isa = PBXBuildFile; fileRef = 9110AB6D28D251EA007A9B63 /* AppDelegate.swift */; };
		9110AB7028D251EA007A9B63 /* SceneDelegate.swift in Sources */ = {isa = PBXBuildFile; fileRef = 9110AB6F28D251EA007A9B63 /* SceneDelegate.swift */; };
		9110AB7528D251EA007A9B63 /* Main.storyboard in Resources */ = {isa = PBXBuildFile; fileRef = 9110AB7328D251EA007A9B63 /* Main.storyboard */; };
		9110AB7728D251EC007A9B63 /* Assets.xcassets in Resources */ = {isa = PBXBuildFile; fileRef = 9110AB7628D251EC007A9B63 /* Assets.xcassets */; };
		9110AB7A28D251EC007A9B63 /* LaunchScreen.storyboard in Resources */ = {isa = PBXBuildFile; fileRef = 9110AB7828D251EC007A9B63 /* LaunchScreen.storyboard */; };
		9110AB8628D2527A007A9B63 /* Lesson.swift in Sources */ = {isa = PBXBuildFile; fileRef = 9110AB8528D2527A007A9B63 /* Lesson.swift */; };
		9110AB8828D252BE007A9B63 /* TabBar.swift in Sources */ = {isa = PBXBuildFile; fileRef = 9110AB8728D252BE007A9B63 /* TabBar.swift */; };
		9110AB8A28D252C9007A9B63 /* LessonsViewController.swift in Sources */ = {isa = PBXBuildFile; fileRef = 9110AB8928D252C9007A9B63 /* LessonsViewController.swift */; };
		9110AB8C28D252D8007A9B63 /* ChallengesViewController.swift in Sources */ = {isa = PBXBuildFile; fileRef = 9110AB8B28D252D7007A9B63 /* ChallengesViewController.swift */; };
		9110AB8E28D252EF007A9B63 /* MentalHealthViewController.swift in Sources */ = {isa = PBXBuildFile; fileRef = 9110AB8D28D252EF007A9B63 /* MentalHealthViewController.swift */; };
		9110AB9028D252FD007A9B63 /* SettingsViewController.swift in Sources */ = {isa = PBXBuildFile; fileRef = 9110AB8F28D252FD007A9B63 /* SettingsViewController.swift */; };
		9110AB9228D2535E007A9B63 /* CustomTableViewCell.swift in Sources */ = {isa = PBXBuildFile; fileRef = 9110AB9128D2535E007A9B63 /* CustomTableViewCell.swift */; };
		9110AB9428D2536B007A9B63 /* CircularProgressBarView.swift in Sources */ = {isa = PBXBuildFile; fileRef = 9110AB9328D2536B007A9B63 /* CircularProgressBarView.swift */; };
		9110AB9628D25393007A9B63 /* View+Extensions.swift in Sources */ = {isa = PBXBuildFile; fileRef = 9110AB9528D25393007A9B63 /* View+Extensions.swift */; };
		9110AB9828D2539F007A9B63 /* Color+Extensions.swift in Sources */ = {isa = PBXBuildFile; fileRef = 9110AB9728D2539F007A9B63 /* Color+Extensions.swift */; };
		9110AB9A28D253AC007A9B63 /* TimeInterval+Extensions.swift in Sources */ = {isa = PBXBuildFile; fileRef = 9110AB9928D253AC007A9B63 /* TimeInterval+Extensions.swift */; };
		9110AB9C28D253B8007A9B63 /* Int+Extensions.swift in Sources */ = {isa = PBXBuildFile; fileRef = 9110AB9B28D253B7007A9B63 /* Int+Extensions.swift */; };
		9110ABA228D2550D007A9B63 /* SwiftSoup in Frameworks */ = {isa = PBXBuildFile; productRef = 9110ABA128D2550D007A9B63 /* SwiftSoup */; };
		9110ABAB28D25817007A9B63 /* WidgetKit.framework in Frameworks */ = {isa = PBXBuildFile; fileRef = 9110ABAA28D25817007A9B63 /* WidgetKit.framework */; };
		9110ABAD28D25817007A9B63 /* SwiftUI.framework in Frameworks */ = {isa = PBXBuildFile; fileRef = 9110ABAC28D25817007A9B63 /* SwiftUI.framework */; };
		9110ABB028D25817007A9B63 /* StudentKitWidget.swift in Sources */ = {isa = PBXBuildFile; fileRef = 9110ABAF28D25817007A9B63 /* StudentKitWidget.swift */; };
		9110ABB228D2581B007A9B63 /* Assets.xcassets in Resources */ = {isa = PBXBuildFile; fileRef = 9110ABB128D2581B007A9B63 /* Assets.xcassets */; };
		9110ABB628D2581B007A9B63 /* StudentKitWidgetExtension.appex in Embed Foundation Extensions */ = {isa = PBXBuildFile; fileRef = 9110ABA828D25817007A9B63 /* StudentKitWidgetExtension.appex */; settings = {ATTRIBUTES = (RemoveHeadersOnCopy, ); }; };
/* End PBXBuildFile section */

/* Begin PBXContainerItemProxy section */
		9110ABB428D2581B007A9B63 /* PBXContainerItemProxy */ = {
			isa = PBXContainerItemProxy;
			containerPortal = 9110AB6228D251E9007A9B63 /* Project object */;
			proxyType = 1;
			remoteGlobalIDString = 9110ABA728D25817007A9B63;
			remoteInfo = StudentKitWidgetExtension;
		};
/* End PBXContainerItemProxy section */

/* Begin PBXCopyFilesBuildPhase section */
		9110ABBA28D2581B007A9B63 /* Embed Foundation Extensions */ = {
			isa = PBXCopyFilesBuildPhase;
			buildActionMask = 2147483647;
			dstPath = "";
			dstSubfolderSpec = 13;
			files = (
				9110ABB628D2581B007A9B63 /* StudentKitWidgetExtension.appex in Embed Foundation Extensions */,
			);
			name = "Embed Foundation Extensions";
			runOnlyForDeploymentPostprocessing = 0;
		};
/* End PBXCopyFilesBuildPhase section */

/* Begin PBXFileReference section */
		9110AB6A28D251EA007A9B63 /* StudentKit.app */ = {isa = PBXFileReference; explicitFileType = wrapper.application; includeInIndex = 0; path = StudentKit.app; sourceTree = BUILT_PRODUCTS_DIR; };
		9110AB6D28D251EA007A9B63 /* AppDelegate.swift */ = {isa = PBXFileReference; lastKnownFileType = sourcecode.swift; path = AppDelegate.swift; sourceTree = "<group>"; };
		9110AB6F28D251EA007A9B63 /* SceneDelegate.swift */ = {isa = PBXFileReference; lastKnownFileType = sourcecode.swift; path = SceneDelegate.swift; sourceTree = "<group>"; };
		9110AB7428D251EA007A9B63 /* Base */ = {isa = PBXFileReference; lastKnownFileType = file.storyboard; name = Base; path = Base.lproj/Main.storyboard; sourceTree = "<group>"; };
		9110AB7628D251EC007A9B63 /* Assets.xcassets */ = {isa = PBXFileReference; lastKnownFileType = folder.assetcatalog; path = Assets.xcassets; sourceTree = "<group>"; };
		9110AB7928D251EC007A9B63 /* Base */ = {isa = PBXFileReference; lastKnownFileType = file.storyboard; name = Base; path = Base.lproj/LaunchScreen.storyboard; sourceTree = "<group>"; };
		9110AB7B28D251EC007A9B63 /* Info.plist */ = {isa = PBXFileReference; lastKnownFileType = text.plist.xml; path = Info.plist; sourceTree = "<group>"; };
		9110AB8528D2527A007A9B63 /* Lesson.swift */ = {isa = PBXFileReference; lastKnownFileType = sourcecode.swift; path = Lesson.swift; sourceTree = "<group>"; };
		9110AB8728D252BE007A9B63 /* TabBar.swift */ = {isa = PBXFileReference; lastKnownFileType = sourcecode.swift; path = TabBar.swift; sourceTree = "<group>"; };
		9110AB8928D252C9007A9B63 /* LessonsViewController.swift */ = {isa = PBXFileReference; lastKnownFileType = sourcecode.swift; path = LessonsViewController.swift; sourceTree = "<group>"; };
		9110AB8B28D252D7007A9B63 /* ChallengesViewController.swift */ = {isa = PBXFileReference; lastKnownFileType = sourcecode.swift; path = ChallengesViewController.swift; sourceTree = "<group>"; };
		9110AB8D28D252EF007A9B63 /* MentalHealthViewController.swift */ = {isa = PBXFileReference; lastKnownFileType = sourcecode.swift; path = MentalHealthViewController.swift; sourceTree = "<group>"; };
		9110AB8F28D252FD007A9B63 /* SettingsViewController.swift */ = {isa = PBXFileReference; lastKnownFileType = sourcecode.swift; path = SettingsViewController.swift; sourceTree = "<group>"; };
		9110AB9128D2535E007A9B63 /* CustomTableViewCell.swift */ = {isa = PBXFileReference; lastKnownFileType = sourcecode.swift; path = CustomTableViewCell.swift; sourceTree = "<group>"; };
		9110AB9328D2536B007A9B63 /* CircularProgressBarView.swift */ = {isa = PBXFileReference; lastKnownFileType = sourcecode.swift; path = CircularProgressBarView.swift; sourceTree = "<group>"; };
		9110AB9528D25393007A9B63 /* View+Extensions.swift */ = {isa = PBXFileReference; lastKnownFileType = sourcecode.swift; path = "View+Extensions.swift"; sourceTree = "<group>"; };
		9110AB9728D2539F007A9B63 /* Color+Extensions.swift */ = {isa = PBXFileReference; lastKnownFileType = sourcecode.swift; path = "Color+Extensions.swift"; sourceTree = "<group>"; };
		9110AB9928D253AC007A9B63 /* TimeInterval+Extensions.swift */ = {isa = PBXFileReference; lastKnownFileType = sourcecode.swift; path = "TimeInterval+Extensions.swift"; sourceTree = "<group>"; };
		9110AB9B28D253B7007A9B63 /* Int+Extensions.swift */ = {isa = PBXFileReference; lastKnownFileType = sourcecode.swift; path = "Int+Extensions.swift"; sourceTree = "<group>"; };
		9110ABA328D25747007A9B63 /* StudentKit.entitlements */ = {isa = PBXFileReference; lastKnownFileType = text.plist.entitlements; path = StudentKit.entitlements; sourceTree = "<group>"; };
		9110ABA828D25817007A9B63 /* StudentKitWidgetExtension.appex */ = {isa = PBXFileReference; explicitFileType = "wrapper.app-extension"; includeInIndex = 0; path = StudentKitWidgetExtension.appex; sourceTree = BUILT_PRODUCTS_DIR; };
		9110ABAA28D25817007A9B63 /* WidgetKit.framework */ = {isa = PBXFileReference; lastKnownFileType = wrapper.framework; name = WidgetKit.framework; path = System/Library/Frameworks/WidgetKit.framework; sourceTree = SDKROOT; };
		9110ABAC28D25817007A9B63 /* SwiftUI.framework */ = {isa = PBXFileReference; lastKnownFileType = wrapper.framework; name = SwiftUI.framework; path = System/Library/Frameworks/SwiftUI.framework; sourceTree = SDKROOT; };
		9110ABAF28D25817007A9B63 /* StudentKitWidget.swift */ = {isa = PBXFileReference; lastKnownFileType = sourcecode.swift; path = StudentKitWidget.swift; sourceTree = "<group>"; };
		9110ABB128D2581B007A9B63 /* Assets.xcassets */ = {isa = PBXFileReference; lastKnownFileType = folder.assetcatalog; path = Assets.xcassets; sourceTree = "<group>"; };
		9110ABB328D2581B007A9B63 /* Info.plist */ = {isa = PBXFileReference; lastKnownFileType = text.plist.xml; path = Info.plist; sourceTree = "<group>"; };
		9110ABBB28D25831007A9B63 /* StudentKitWidgetExtension.entitlements */ = {isa = PBXFileReference; lastKnownFileType = text.plist.entitlements; path = StudentKitWidgetExtension.entitlements; sourceTree = "<group>"; };
/* End PBXFileReference section */

/* Begin PBXFrameworksBuildPhase section */
		9110AB6728D251EA007A9B63 /* Frameworks */ = {
			isa = PBXFrameworksBuildPhase;
			buildActionMask = 2147483647;
			files = (
				9110ABA228D2550D007A9B63 /* SwiftSoup in Frameworks */,
			);
			runOnlyForDeploymentPostprocessing = 0;
		};
		9110ABA528D25817007A9B63 /* Frameworks */ = {
			isa = PBXFrameworksBuildPhase;
			buildActionMask = 2147483647;
			files = (
				9110ABAD28D25817007A9B63 /* SwiftUI.framework in Frameworks */,
				9110ABAB28D25817007A9B63 /* WidgetKit.framework in Frameworks */,
			);
			runOnlyForDeploymentPostprocessing = 0;
		};
/* End PBXFrameworksBuildPhase section */

/* Begin PBXGroup section */
		9110AB6128D251E9007A9B63 = {
			isa = PBXGroup;
			children = (
				9110ABBB28D25831007A9B63 /* StudentKitWidgetExtension.entitlements */,
				9110AB6C28D251EA007A9B63 /* StudentKit */,
				9110ABAE28D25817007A9B63 /* StudentKitWidget */,
				9110ABA928D25817007A9B63 /* Frameworks */,
				9110AB6B28D251EA007A9B63 /* Products */,
			);
			sourceTree = "<group>";
		};
		9110AB6B28D251EA007A9B63 /* Products */ = {
			isa = PBXGroup;
			children = (
				9110AB6A28D251EA007A9B63 /* StudentKit.app */,
				9110ABA828D25817007A9B63 /* StudentKitWidgetExtension.appex */,
			);
			name = Products;
			sourceTree = "<group>";
		};
		9110AB6C28D251EA007A9B63 /* StudentKit */ = {
			isa = PBXGroup;
			children = (
				9110ABA328D25747007A9B63 /* StudentKit.entitlements */,
				9110AB6D28D251EA007A9B63 /* AppDelegate.swift */,
				9110AB6F28D251EA007A9B63 /* SceneDelegate.swift */,
				9110AB8128D25224007A9B63 /* Models */,
				9110AB8328D25241007A9B63 /* ViewControllers */,
				9110AB8428D2524A007A9B63 /* Views */,
				9110AB8228D2523A007A9B63 /* Extensions */,
				9110AB7328D251EA007A9B63 /* Main.storyboard */,
				9110AB7628D251EC007A9B63 /* Assets.xcassets */,
				9110AB7828D251EC007A9B63 /* LaunchScreen.storyboard */,
				9110AB7B28D251EC007A9B63 /* Info.plist */,
			);
			path = StudentKit;
			sourceTree = "<group>";
		};
		9110AB8128D25224007A9B63 /* Models */ = {
			isa = PBXGroup;
			children = (
				9110AB8528D2527A007A9B63 /* Lesson.swift */,
			);
			path = Models;
			sourceTree = "<group>";
		};
		9110AB8228D2523A007A9B63 /* Extensions */ = {
			isa = PBXGroup;
			children = (
				9110AB9528D25393007A9B63 /* View+Extensions.swift */,
				9110AB9728D2539F007A9B63 /* Color+Extensions.swift */,
				9110AB9928D253AC007A9B63 /* TimeInterval+Extensions.swift */,
				9110AB9B28D253B7007A9B63 /* Int+Extensions.swift */,
			);
			path = Extensions;
			sourceTree = "<group>";
		};
		9110AB8328D25241007A9B63 /* ViewControllers */ = {
			isa = PBXGroup;
			children = (
				9110AB8728D252BE007A9B63 /* TabBar.swift */,
				9110AB8928D252C9007A9B63 /* LessonsViewController.swift */,
				9110AB8B28D252D7007A9B63 /* ChallengesViewController.swift */,
				9110AB8D28D252EF007A9B63 /* MentalHealthViewController.swift */,
				9110AB8F28D252FD007A9B63 /* SettingsViewController.swift */,
			);
			path = ViewControllers;
			sourceTree = "<group>";
		};
		9110AB8428D2524A007A9B63 /* Views */ = {
			isa = PBXGroup;
			children = (
				9110AB9128D2535E007A9B63 /* CustomTableViewCell.swift */,
				9110AB9328D2536B007A9B63 /* CircularProgressBarView.swift */,
			);
			path = Views;
			sourceTree = "<group>";
		};
		9110ABA928D25817007A9B63 /* Frameworks */ = {
			isa = PBXGroup;
			children = (
				9110ABAA28D25817007A9B63 /* WidgetKit.framework */,
				9110ABAC28D25817007A9B63 /* SwiftUI.framework */,
			);
			name = Frameworks;
			sourceTree = "<group>";
		};
		9110ABAE28D25817007A9B63 /* StudentKitWidget */ = {
			isa = PBXGroup;
			children = (
				9110ABAF28D25817007A9B63 /* StudentKitWidget.swift */,
				9110ABB128D2581B007A9B63 /* Assets.xcassets */,
				9110ABB328D2581B007A9B63 /* Info.plist */,
			);
			path = StudentKitWidget;
			sourceTree = "<group>";
		};
/* End PBXGroup section */

/* Begin PBXNativeTarget section */
		9110AB6928D251EA007A9B63 /* StudentKit */ = {
			isa = PBXNativeTarget;
			buildConfigurationList = 9110AB7E28D251EC007A9B63 /* Build configuration list for PBXNativeTarget "StudentKit" */;
			buildPhases = (
				9110AB6628D251EA007A9B63 /* Sources */,
				9110AB6728D251EA007A9B63 /* Frameworks */,
				9110AB6828D251EA007A9B63 /* Resources */,
				9110ABBA28D2581B007A9B63 /* Embed Foundation Extensions */,
			);
			buildRules = (
			);
			dependencies = (
				9110ABB528D2581B007A9B63 /* PBXTargetDependency */,
			);
			name = StudentKit;
			packageProductDependencies = (
				9110ABA128D2550D007A9B63 /* SwiftSoup */,
			);
			productName = StudentKit;
			productReference = 9110AB6A28D251EA007A9B63 /* StudentKit.app */;
			productType = "com.apple.product-type.application";
		};
		9110ABA728D25817007A9B63 /* StudentKitWidgetExtension */ = {
			isa = PBXNativeTarget;
			buildConfigurationList = 9110ABB728D2581B007A9B63 /* Build configuration list for PBXNativeTarget "StudentKitWidgetExtension" */;
			buildPhases = (
				9110ABA428D25817007A9B63 /* Sources */,
				9110ABA528D25817007A9B63 /* Frameworks */,
				9110ABA628D25817007A9B63 /* Resources */,
			);
			buildRules = (
			);
			dependencies = (
			);
			name = StudentKitWidgetExtension;
			productName = StudentKitWidgetExtension;
			productReference = 9110ABA828D25817007A9B63 /* StudentKitWidgetExtension.appex */;
			productType = "com.apple.product-type.app-extension";
		};
/* End PBXNativeTarget section */

/* Begin PBXProject section */
		9110AB6228D251E9007A9B63 /* Project object */ = {
			isa = PBXProject;
			attributes = {
				BuildIndependentTargetsInParallel = 1;
				LastSwiftUpdateCheck = 1400;
				LastUpgradeCheck = 1400;
				TargetAttributes = {
					9110AB6928D251EA007A9B63 = {
						CreatedOnToolsVersion = 14.0;
					};
					9110ABA728D25817007A9B63 = {
						CreatedOnToolsVersion = 14.0;
					};
				};
			};
			buildConfigurationList = 9110AB6528D251E9007A9B63 /* Build configuration list for PBXProject "StudentKit" */;
			compatibilityVersion = "Xcode 14.0";
			developmentRegion = en;
			hasScannedForEncodings = 0;
			knownRegions = (
				en,
				Base,
			);
			mainGroup = 9110AB6128D251E9007A9B63;
			packageReferences = (
				9110ABA028D2550D007A9B63 /* XCRemoteSwiftPackageReference "SwiftSoup" */,
			);
			productRefGroup = 9110AB6B28D251EA007A9B63 /* Products */;
			projectDirPath = "";
			projectRoot = "";
			targets = (
				9110AB6928D251EA007A9B63 /* StudentKit */,
				9110ABA728D25817007A9B63 /* StudentKitWidgetExtension */,
			);
		};
/* End PBXProject section */

/* Begin PBXResourcesBuildPhase section */
		9110AB6828D251EA007A9B63 /* Resources */ = {
			isa = PBXResourcesBuildPhase;
			buildActionMask = 2147483647;
			files = (
				9110AB7A28D251EC007A9B63 /* LaunchScreen.storyboard in Resources */,
				9110AB7728D251EC007A9B63 /* Assets.xcassets in Resources */,
				9110AB7528D251EA007A9B63 /* Main.storyboard in Resources */,
			);
			runOnlyForDeploymentPostprocessing = 0;
		};
		9110ABA628D25817007A9B63 /* Resources */ = {
			isa = PBXResourcesBuildPhase;
			buildActionMask = 2147483647;
			files = (
				9110ABB228D2581B007A9B63 /* Assets.xcassets in Resources */,
			);
			runOnlyForDeploymentPostprocessing = 0;
		};
/* End PBXResourcesBuildPhase section */

/* Begin PBXSourcesBuildPhase section */
		9110AB6628D251EA007A9B63 /* Sources */ = {
			isa = PBXSourcesBuildPhase;
			buildActionMask = 2147483647;
			files = (
				9110AB9228D2535E007A9B63 /* CustomTableViewCell.swift in Sources */,
				9110AB8A28D252C9007A9B63 /* LessonsViewController.swift in Sources */,
				9110AB9628D25393007A9B63 /* View+Extensions.swift in Sources */,
				9110AB8E28D252EF007A9B63 /* MentalHealthViewController.swift in Sources */,
				9110AB8C28D252D8007A9B63 /* ChallengesViewController.swift in Sources */,
				9110AB9428D2536B007A9B63 /* CircularProgressBarView.swift in Sources */,
				9110AB6E28D251EA007A9B63 /* AppDelegate.swift in Sources */,
				9110AB7028D251EA007A9B63 /* SceneDelegate.swift in Sources */,
				9110AB8628D2527A007A9B63 /* Lesson.swift in Sources */,
				9110AB9A28D253AC007A9B63 /* TimeInterval+Extensions.swift in Sources */,
				9110AB8828D252BE007A9B63 /* TabBar.swift in Sources */,
				9110AB9C28D253B8007A9B63 /* Int+Extensions.swift in Sources */,
				9110AB9028D252FD007A9B63 /* SettingsViewController.swift in Sources */,
				9110AB9828D2539F007A9B63 /* Color+Extensions.swift in Sources */,
			);
			runOnlyForDeploymentPostprocessing = 0;
		};
		9110ABA428D25817007A9B63 /* Sources */ = {
			isa = PBXSourcesBuildPhase;
			buildActionMask = 2147483647;
			files = (
				9110ABB028D25817007A9B63 /* StudentKitWidget.swift in Sources */,
			);
			runOnlyForDeploymentPostprocessing = 0;
		};
/* End PBXSourcesBuildPhase section */

/* Begin PBXTargetDependency section */
		9110ABB528D2581B007A9B63 /* PBXTargetDependency */ = {
			isa = PBXTargetDependency;
			target = 9110ABA728D25817007A9B63 /* StudentKitWidgetExtension */;
			targetProxy = 9110ABB428D2581B007A9B63 /* PBXContainerItemProxy */;
		};
/* End PBXTargetDependency section */

/* Begin PBXVariantGroup section */
		9110AB7328D251EA007A9B63 /* Main.storyboard */ = {
			isa = PBXVariantGroup;
			children = (
				9110AB7428D251EA007A9B63 /* Base */,
			);
			name = Main.storyboard;
			sourceTree = "<group>";
		};
		9110AB7828D251EC007A9B63 /* LaunchScreen.storyboard */ = {
			isa = PBXVariantGroup;
			children = (
				9110AB7928D251EC007A9B63 /* Base */,
			);
			name = LaunchScreen.storyboard;
			sourceTree = "<group>";
		};
/* End PBXVariantGroup section */

/* Begin XCBuildConfiguration section */
		9110AB7C28D251EC007A9B63 /* Debug */ = {
			isa = XCBuildConfiguration;
			buildSettings = {
				ALWAYS_SEARCH_USER_PATHS = NO;
				CLANG_ANALYZER_NONNULL = YES;
				CLANG_ANALYZER_NUMBER_OBJECT_CONVERSION = YES_AGGRESSIVE;
				CLANG_CXX_LANGUAGE_STANDARD = "gnu++17";
				CLANG_ENABLE_MODULES = YES;
				CLANG_ENABLE_OBJC_ARC = YES;
				CLANG_ENABLE_OBJC_WEAK = YES;
				CLANG_WARN_BLOCK_CAPTURE_AUTORELEASING = YES;
				CLANG_WARN_BOOL_CONVERSION = YES;
				CLANG_WARN_COMMA = YES;
				CLANG_WARN_CONSTANT_CONVERSION = YES;
				CLANG_WARN_DEPRECATED_OBJC_IMPLEMENTATIONS = YES;
				CLANG_WARN_DIRECT_OBJC_ISA_USAGE = YES_ERROR;
				CLANG_WARN_DOCUMENTATION_COMMENTS = YES;
				CLANG_WARN_EMPTY_BODY = YES;
				CLANG_WARN_ENUM_CONVERSION = YES;
				CLANG_WARN_INFINITE_RECURSION = YES;
				CLANG_WARN_INT_CONVERSION = YES;
				CLANG_WARN_NON_LITERAL_NULL_CONVERSION = YES;
				CLANG_WARN_OBJC_IMPLICIT_RETAIN_SELF = YES;
				CLANG_WARN_OBJC_LITERAL_CONVERSION = YES;
				CLANG_WARN_OBJC_ROOT_CLASS = YES_ERROR;
				CLANG_WARN_QUOTED_INCLUDE_IN_FRAMEWORK_HEADER = YES;
				CLANG_WARN_RANGE_LOOP_ANALYSIS = YES;
				CLANG_WARN_STRICT_PROTOTYPES = YES;
				CLANG_WARN_SUSPICIOUS_MOVE = YES;
				CLANG_WARN_UNGUARDED_AVAILABILITY = YES_AGGRESSIVE;
				CLANG_WARN_UNREACHABLE_CODE = YES;
				CLANG_WARN__DUPLICATE_METHOD_MATCH = YES;
				COPY_PHASE_STRIP = NO;
				DEBUG_INFORMATION_FORMAT = dwarf;
				ENABLE_STRICT_OBJC_MSGSEND = YES;
				ENABLE_TESTABILITY = YES;
				GCC_C_LANGUAGE_STANDARD = gnu11;
				GCC_DYNAMIC_NO_PIC = NO;
				GCC_NO_COMMON_BLOCKS = YES;
				GCC_OPTIMIZATION_LEVEL = 0;
				GCC_PREPROCESSOR_DEFINITIONS = (
					"DEBUG=1",
					"$(inherited)",
				);
				GCC_WARN_64_TO_32_BIT_CONVERSION = YES;
				GCC_WARN_ABOUT_RETURN_TYPE = YES_ERROR;
				GCC_WARN_UNDECLARED_SELECTOR = YES;
				GCC_WARN_UNINITIALIZED_AUTOS = YES_AGGRESSIVE;
				GCC_WARN_UNUSED_FUNCTION = YES;
				GCC_WARN_UNUSED_VARIABLE = YES;
				IPHONEOS_DEPLOYMENT_TARGET = 16.0;
				MTL_ENABLE_DEBUG_INFO = INCLUDE_SOURCE;
				MTL_FAST_MATH = YES;
				ONLY_ACTIVE_ARCH = YES;
				SDKROOT = iphoneos;
				SWIFT_ACTIVE_COMPILATION_CONDITIONS = DEBUG;
				SWIFT_OPTIMIZATION_LEVEL = "-Onone";
			};
			name = Debug;
		};
		9110AB7D28D251EC007A9B63 /* Release */ = {
			isa = XCBuildConfiguration;
			buildSettings = {
				ALWAYS_SEARCH_USER_PATHS = NO;
				CLANG_ANALYZER_NONNULL = YES;
				CLANG_ANALYZER_NUMBER_OBJECT_CONVERSION = YES_AGGRESSIVE;
				CLANG_CXX_LANGUAGE_STANDARD = "gnu++17";
				CLANG_ENABLE_MODULES = YES;
				CLANG_ENABLE_OBJC_ARC = YES;
				CLANG_ENABLE_OBJC_WEAK = YES;
				CLANG_WARN_BLOCK_CAPTURE_AUTORELEASING = YES;
				CLANG_WARN_BOOL_CONVERSION = YES;
				CLANG_WARN_COMMA = YES;
				CLANG_WARN_CONSTANT_CONVERSION = YES;
				CLANG_WARN_DEPRECATED_OBJC_IMPLEMENTATIONS = YES;
				CLANG_WARN_DIRECT_OBJC_ISA_USAGE = YES_ERROR;
				CLANG_WARN_DOCUMENTATION_COMMENTS = YES;
				CLANG_WARN_EMPTY_BODY = YES;
				CLANG_WARN_ENUM_CONVERSION = YES;
				CLANG_WARN_INFINITE_RECURSION = YES;
				CLANG_WARN_INT_CONVERSION = YES;
				CLANG_WARN_NON_LITERAL_NULL_CONVERSION = YES;
				CLANG_WARN_OBJC_IMPLICIT_RETAIN_SELF = YES;
				CLANG_WARN_OBJC_LITERAL_CONVERSION = YES;
				CLANG_WARN_OBJC_ROOT_CLASS = YES_ERROR;
				CLANG_WARN_QUOTED_INCLUDE_IN_FRAMEWORK_HEADER = YES;
				CLANG_WARN_RANGE_LOOP_ANALYSIS = YES;
				CLANG_WARN_STRICT_PROTOTYPES = YES;
				CLANG_WARN_SUSPICIOUS_MOVE = YES;
				CLANG_WARN_UNGUARDED_AVAILABILITY = YES_AGGRESSIVE;
				CLANG_WARN_UNREACHABLE_CODE = YES;
				CLANG_WARN__DUPLICATE_METHOD_MATCH = YES;
				COPY_PHASE_STRIP = NO;
				DEBUG_INFORMATION_FORMAT = "dwarf-with-dsym";
				ENABLE_NS_ASSERTIONS = NO;
				ENABLE_STRICT_OBJC_MSGSEND = YES;
				GCC_C_LANGUAGE_STANDARD = gnu11;
				GCC_NO_COMMON_BLOCKS = YES;
				GCC_WARN_64_TO_32_BIT_CONVERSION = YES;
				GCC_WARN_ABOUT_RETURN_TYPE = YES_ERROR;
				GCC_WARN_UNDECLARED_SELECTOR = YES;
				GCC_WARN_UNINITIALIZED_AUTOS = YES_AGGRESSIVE;
				GCC_WARN_UNUSED_FUNCTION = YES;
				GCC_WARN_UNUSED_VARIABLE = YES;
				IPHONEOS_DEPLOYMENT_TARGET = 16.0;
				MTL_ENABLE_DEBUG_INFO = NO;
				MTL_FAST_MATH = YES;
				SDKROOT = iphoneos;
				SWIFT_COMPILATION_MODE = wholemodule;
				SWIFT_OPTIMIZATION_LEVEL = "-O";
				VALIDATE_PRODUCT = YES;
			};
			name = Release;
		};
		9110AB7F28D251EC007A9B63 /* Debug */ = {
			isa = XCBuildConfiguration;
			buildSettings = {
				ALWAYS_EMBED_SWIFT_STANDARD_LIBRARIES = YES;
				ASSETCATALOG_COMPILER_APPICON_NAME = AppIcon;
				ASSETCATALOG_COMPILER_GLOBAL_ACCENT_COLOR_NAME = AccentColor;
				CODE_SIGN_ENTITLEMENTS = StudentKit/StudentKit.entitlements;
				CODE_SIGN_STYLE = Automatic;
				CURRENT_PROJECT_VERSION = 1;
				DEVELOPMENT_TEAM = 93HP7KN2HJ;
				GENERATE_INFOPLIST_FILE = YES;
				INFOPLIST_FILE = StudentKit/Info.plist;
				INFOPLIST_KEY_UIApplicationSupportsIndirectInputEvents = YES;
				INFOPLIST_KEY_UILaunchStoryboardName = LaunchScreen;
				INFOPLIST_KEY_UIMainStoryboardFile = Main;
				INFOPLIST_KEY_UISupportedInterfaceOrientations_iPad = "UIInterfaceOrientationPortrait UIInterfaceOrientationPortraitUpsideDown UIInterfaceOrientationLandscapeLeft UIInterfaceOrientationLandscapeRight";
				INFOPLIST_KEY_UISupportedInterfaceOrientations_iPhone = "UIInterfaceOrientationPortrait UIInterfaceOrientationLandscapeLeft UIInterfaceOrientationLandscapeRight";
				IPHONEOS_DEPLOYMENT_TARGET = 15.6;
				LD_RUNPATH_SEARCH_PATHS = (
					"$(inherited)",
					"@executable_path/Frameworks",
				);
				MARKETING_VERSION = 1.0;
				PRODUCT_BUNDLE_IDENTIFIER = pamapp.StudentKit;
				PRODUCT_NAME = "$(TARGET_NAME)";
				SWIFT_EMIT_LOC_STRINGS = YES;
				SWIFT_VERSION = 5.0;
				TARGETED_DEVICE_FAMILY = "1,2";
			};
			name = Debug;
		};
		9110AB8028D251EC007A9B63 /* Release */ = {
			isa = XCBuildConfiguration;
			buildSettings = {
				ALWAYS_EMBED_SWIFT_STANDARD_LIBRARIES = YES;
				ASSETCATALOG_COMPILER_APPICON_NAME = AppIcon;
				ASSETCATALOG_COMPILER_GLOBAL_ACCENT_COLOR_NAME = AccentColor;
				CODE_SIGN_ENTITLEMENTS = StudentKit/StudentKit.entitlements;
				CODE_SIGN_STYLE = Automatic;
				CURRENT_PROJECT_VERSION = 1;
				DEVELOPMENT_TEAM = 93HP7KN2HJ;
				GENERATE_INFOPLIST_FILE = YES;
				INFOPLIST_FILE = StudentKit/Info.plist;
				INFOPLIST_KEY_UIApplicationSupportsIndirectInputEvents = YES;
				INFOPLIST_KEY_UILaunchStoryboardName = LaunchScreen;
				INFOPLIST_KEY_UIMainStoryboardFile = Main;
				INFOPLIST_KEY_UISupportedInterfaceOrientations_iPad = "UIInterfaceOrientationPortrait UIInterfaceOrientationPortraitUpsideDown UIInterfaceOrientationLandscapeLeft UIInterfaceOrientationLandscapeRight";
				INFOPLIST_KEY_UISupportedInterfaceOrientations_iPhone = "UIInterfaceOrientationPortrait UIInterfaceOrientationLandscapeLeft UIInterfaceOrientationLandscapeRight";
				IPHONEOS_DEPLOYMENT_TARGET = 15.6;
				LD_RUNPATH_SEARCH_PATHS = (
					"$(inherited)",
					"@executable_path/Frameworks",
				);
				MARKETING_VERSION = 1.0;
				PRODUCT_BUNDLE_IDENTIFIER = pamapp.StudentKit;
				PRODUCT_NAME = "$(TARGET_NAME)";
				SWIFT_EMIT_LOC_STRINGS = YES;
				SWIFT_VERSION = 5.0;
				TARGETED_DEVICE_FAMILY = "1,2";
			};
			name = Release;
		};
		9110ABB828D2581B007A9B63 /* Debug */ = {
			isa = XCBuildConfiguration;
			buildSettings = {
				ASSETCATALOG_COMPILER_GLOBAL_ACCENT_COLOR_NAME = AccentColor;
				ASSETCATALOG_COMPILER_WIDGET_BACKGROUND_COLOR_NAME = WidgetBackground;
				CODE_SIGN_ENTITLEMENTS = StudentKitWidgetExtension.entitlements;
				CODE_SIGN_STYLE = Automatic;
				CURRENT_PROJECT_VERSION = 1;
				DEVELOPMENT_TEAM = 93HP7KN2HJ;
				GENERATE_INFOPLIST_FILE = YES;
				INFOPLIST_FILE = StudentKitWidget/Info.plist;
				INFOPLIST_KEY_CFBundleDisplayName = StudentKitWidget;
				INFOPLIST_KEY_NSHumanReadableCopyright = "";
				IPHONEOS_DEPLOYMENT_TARGET = 15.6;
				LD_RUNPATH_SEARCH_PATHS = (
					"$(inherited)",
					"@executable_path/Frameworks",
					"@executable_path/../../Frameworks",
				);
				MARKETING_VERSION = 1.0;
				PRODUCT_BUNDLE_IDENTIFIER = pamapp.StudentKit.StudentKitWidget;
				PRODUCT_NAME = "$(TARGET_NAME)";
				SKIP_INSTALL = YES;
				SWIFT_EMIT_LOC_STRINGS = YES;
				SWIFT_VERSION = 5.0;
				TARGETED_DEVICE_FAMILY = "1,2";
			};
			name = Debug;
		};
		9110ABB928D2581B007A9B63 /* Release */ = {
			isa = XCBuildConfiguration;
			buildSettings = {
				ASSETCATALOG_COMPILER_GLOBAL_ACCENT_COLOR_NAME = AccentColor;
				ASSETCATALOG_COMPILER_WIDGET_BACKGROUND_COLOR_NAME = WidgetBackground;
				CODE_SIGN_ENTITLEMENTS = StudentKitWidgetExtension.entitlements;
				CODE_SIGN_STYLE = Automatic;
				CURRENT_PROJECT_VERSION = 1;
				DEVELOPMENT_TEAM = 93HP7KN2HJ;
				GENERATE_INFOPLIST_FILE = YES;
				INFOPLIST_FILE = StudentKitWidget/Info.plist;
				INFOPLIST_KEY_CFBundleDisplayName = StudentKitWidget;
				INFOPLIST_KEY_NSHumanReadableCopyright = "";
				IPHONEOS_DEPLOYMENT_TARGET = 15.6;
				LD_RUNPATH_SEARCH_PATHS = (
					"$(inherited)",
					"@executable_path/Frameworks",
					"@executable_path/../../Frameworks",
				);
				MARKETING_VERSION = 1.0;
				PRODUCT_BUNDLE_IDENTIFIER = pamapp.StudentKit.StudentKitWidget;
				PRODUCT_NAME = "$(TARGET_NAME)";
				SKIP_INSTALL = YES;
				SWIFT_EMIT_LOC_STRINGS = YES;
				SWIFT_VERSION = 5.0;
				TARGETED_DEVICE_FAMILY = "1,2";
			};
			name = Release;
		};
/* End XCBuildConfiguration section */

/* Begin XCConfigurationList section */
		9110AB6528D251E9007A9B63 /* Build configuration list for PBXProject "StudentKit" */ = {
			isa = XCConfigurationList;
			buildConfigurations = (
				9110AB7C28D251EC007A9B63 /* Debug */,
				9110AB7D28D251EC007A9B63 /* Release */,
			);
			defaultConfigurationIsVisible = 0;
			defaultConfigurationName = Release;
		};
		9110AB7E28D251EC007A9B63 /* Build configuration list for PBXNativeTarget "StudentKit" */ = {
			isa = XCConfigurationList;
			buildConfigurations = (
				9110AB7F28D251EC007A9B63 /* Debug */,
				9110AB8028D251EC007A9B63 /* Release */,
			);
			defaultConfigurationIsVisible = 0;
			defaultConfigurationName = Release;
		};
		9110ABB728D2581B007A9B63 /* Build configuration list for PBXNativeTarget "StudentKitWidgetExtension" */ = {
			isa = XCConfigurationList;
			buildConfigurations = (
				9110ABB828D2581B007A9B63 /* Debug */,
				9110ABB928D2581B007A9B63 /* Release */,
			);
			defaultConfigurationIsVisible = 0;
			defaultConfigurationName = Release;
		};
/* End XCConfigurationList section */

/* Begin XCRemoteSwiftPackageReference section */
		9110ABA028D2550D007A9B63 /* XCRemoteSwiftPackageReference "SwiftSoup" */ = {
			isa = XCRemoteSwiftPackageReference;
			repositoryURL = "https://github.com/scinfu/SwiftSoup.git";
			requirement = {
				kind = upToNextMajorVersion;
				minimumVersion = 2.0.0;
			};
		};
/* End XCRemoteSwiftPackageReference section */

/* Begin XCSwiftPackageProductDependency section */
		9110ABA128D2550D007A9B63 /* SwiftSoup */ = {
			isa = XCSwiftPackageProductDependency;
			package = 9110ABA028D2550D007A9B63 /* XCRemoteSwiftPackageReference "SwiftSoup" */;
			productName = SwiftSoup;
		};
/* End XCSwiftPackageProductDependency section */
	};
	rootObject = 9110AB6228D251E9007A9B63 /* Project object */;
}
